
Microsoft Visual Studio Solution File, Format Version 12.00
# Visual Studio Version 16
VisualStudioVersion = 16.0.30225.117
MinimumVisualStudioVersion = 10.0.40219.1
Project("{FAE04EC0-301F-11D3-BF4B-00C04F79EFBC}") = "FootballApp.Core", "FootballApp.Core\FootballApp.Core.csproj", "{02E7F43C-6E23-44DA-963C-B5AA396C3ADE}"
EndProject
Project("{FAE04EC0-301F-11D3-BF4B-00C04F79EFBC}") = "FootballAppApi", "FootballAppApi\FootballAppApi.csproj", "{7C5EC811-F25D-42BF-BB75-9E41603D7DA6}"
EndProject
Global
	GlobalSection(SolutionConfigurationPlatforms) = preSolution
		Debug|Any CPU = Debug|Any CPU
		Release|Any CPU = Release|Any CPU
	EndGlobalSection
	GlobalSection(ProjectConfigurationPlatforms) = postSolution
		{02E7F43C-6E23-44DA-963C-B5AA396C3ADE}.Debug|Any CPU.ActiveCfg = Debug|Any CPU
		{02E7F43C-6E23-44DA-963C-B5AA396C3ADE}.Debug|Any CPU.Build.0 = Debug|Any CPU
		{02E7F43C-6E23-44DA-963C-B5AA396C3ADE}.Release|Any CPU.ActiveCfg = Release|Any CPU
		{02E7F43C-6E23-44DA-963C-B5AA396C3ADE}.Release|Any CPU.Build.0 = Release|Any CPU
		{7C5EC811-F25D-42BF-BB75-9E41603D7DA6}.Debug|Any CPU.ActiveCfg = Debug|Any CPU
		{7C5EC811-F25D-42BF-BB75-9E41603D7DA6}.Debug|Any CPU.Build.0 = Debug|Any CPU
		{7C5EC811-F25D-42BF-BB75-9E41603D7DA6}.Release|Any CPU.ActiveCfg = Release|Any CPU
		{7C5EC811-F25D-42BF-BB75-9E41603D7DA6}.Release|Any CPU.Build.0 = Release|Any CPU
	EndGlobalSection
	GlobalSection(SolutionProperties) = preSolution
		HideSolutionNode = FALSE
	EndGlobalSection
	GlobalSection(ExtensibilityGlobals) = postSolution
		SolutionGuid = {879C5A92-3DDA-4F81-A8C2-A547492D2E8E}
	EndGlobalSection
EndGlobal
